
Microsoft Visual Studio Solution File, Format Version 12.00
# Visual Studio Version 17
VisualStudioVersion = 17.14.36414.22
MinimumVisualStudioVersion = 10.0.40219.1
Project("{FAE04EC0-301F-11D3-BF4B-00C04F79EFBC}") = "Variabler_Loopar", "Variabler_Loopar\Variabler_Loopar.csproj", "{71E3C2BF-4AF8-425F-99C1-6F0B590FB309}"
EndProject
Project("{FAE04EC0-301F-11D3-BF4B-00C04F79EFBC}") = "Indexering", "Indexering\Indexering.csproj", "{E61BFEFC-8D96-484C-A0CF-5B68490C25F1}"
EndProject
Project("{FAE04EC0-301F-11D3-BF4B-00C04F79EFBC}") = "Algoritmer", "Algoritmer\Algoritmer.csproj", "{CD6327E9-8793-4A38-A97B-90ED61F0D1B3}"
EndProject
Project("{FAE04EC0-301F-11D3-BF4B-00C04F79EFBC}") = "Funktioner", "Funktioner\Funktioner.csproj", "{E3AD4748-8765-45DA-B7D7-EC5C06F6E93B}"
EndProject
Project("{FAE04EC0-301F-11D3-BF4B-00C04F79EFBC}") = "Basic_OOP", "Basic_OOP\Basic_OOP.csproj", "{7606059D-C1E4-4378-B835-3BE0006E6402}"
EndProject
Project("{FAE04EC0-301F-11D3-BF4B-00C04F79EFBC}") = "Properties", "Properties\Properties.csproj", "{128BDD18-DB00-4DCD-9A13-517646D368DD}"
EndProject
Project("{FAE04EC0-301F-11D3-BF4B-00C04F79EFBC}") = "Arv", "Arv\Arv.csproj", "{A8042316-7998-4891-B207-37F01BDC4118}"
EndProject
Project("{FAE04EC0-301F-11D3-BF4B-00C04F79EFBC}") = "Wordle", "Wordle\Wordle.csproj", "{4C43586A-B42E-4543-8A7B-D5FDD2A854BC}"
EndProject
Project("{FAE04EC0-301F-11D3-BF4B-00C04F79EFBC}") = "Delegat", "Delegat\Delegat.csproj", "{0CC048F4-F8CF-4C90-B29E-FF56A6E87AEB}"
EndProject
Project("{FAE04EC0-301F-11D3-BF4B-00C04F79EFBC}") = "LINQ", "LINQ\LINQ.csproj", "{05F13141-DE04-4EE4-A456-BA576F4EC2F3}"
EndProject
Global
	GlobalSection(SolutionConfigurationPlatforms) = preSolution
		Debug|Any CPU = Debug|Any CPU
		Release|Any CPU = Release|Any CPU
	EndGlobalSection
	GlobalSection(ProjectConfigurationPlatforms) = postSolution
		{71E3C2BF-4AF8-425F-99C1-6F0B590FB309}.Debug|Any CPU.ActiveCfg = Debug|Any CPU
		{71E3C2BF-4AF8-425F-99C1-6F0B590FB309}.Debug|Any CPU.Build.0 = Debug|Any CPU
		{71E3C2BF-4AF8-425F-99C1-6F0B590FB309}.Release|Any CPU.ActiveCfg = Release|Any CPU
		{71E3C2BF-4AF8-425F-99C1-6F0B590FB309}.Release|Any CPU.Build.0 = Release|Any CPU
		{E61BFEFC-8D96-484C-A0CF-5B68490C25F1}.Debug|Any CPU.ActiveCfg = Debug|Any CPU
		{E61BFEFC-8D96-484C-A0CF-5B68490C25F1}.Debug|Any CPU.Build.0 = Debug|Any CPU
		{E61BFEFC-8D96-484C-A0CF-5B68490C25F1}.Release|Any CPU.ActiveCfg = Release|Any CPU
		{E61BFEFC-8D96-484C-A0CF-5B68490C25F1}.Release|Any CPU.Build.0 = Release|Any CPU
		{CD6327E9-8793-4A38-A97B-90ED61F0D1B3}.Debug|Any CPU.ActiveCfg = Debug|Any CPU
		{CD6327E9-8793-4A38-A97B-90ED61F0D1B3}.Debug|Any CPU.Build.0 = Debug|Any CPU
		{CD6327E9-8793-4A38-A97B-90ED61F0D1B3}.Release|Any CPU.ActiveCfg = Release|Any CPU
		{CD6327E9-8793-4A38-A97B-90ED61F0D1B3}.Release|Any CPU.Build.0 = Release|Any CPU
		{E3AD4748-8765-45DA-B7D7-EC5C06F6E93B}.Debug|Any CPU.ActiveCfg = Debug|Any CPU
		{E3AD4748-8765-45DA-B7D7-EC5C06F6E93B}.Debug|Any CPU.Build.0 = Debug|Any CPU
		{E3AD4748-8765-45DA-B7D7-EC5C06F6E93B}.Release|Any CPU.ActiveCfg = Release|Any CPU
		{E3AD4748-8765-45DA-B7D7-EC5C06F6E93B}.Release|Any CPU.Build.0 = Release|Any CPU
		{7606059D-C1E4-4378-B835-3BE0006E6402}.Debug|Any CPU.ActiveCfg = Debug|Any CPU
		{7606059D-C1E4-4378-B835-3BE0006E6402}.Debug|Any CPU.Build.0 = Debug|Any CPU
		{7606059D-C1E4-4378-B835-3BE0006E6402}.Release|Any CPU.ActiveCfg = Release|Any CPU
		{7606059D-C1E4-4378-B835-3BE0006E6402}.Release|Any CPU.Build.0 = Release|Any CPU
		{128BDD18-DB00-4DCD-9A13-517646D368DD}.Debug|Any CPU.ActiveCfg = Debug|Any CPU
		{128BDD18-DB00-4DCD-9A13-517646D368DD}.Debug|Any CPU.Build.0 = Debug|Any CPU
		{128BDD18-DB00-4DCD-9A13-517646D368DD}.Release|Any CPU.ActiveCfg = Release|Any CPU
		{128BDD18-DB00-4DCD-9A13-517646D368DD}.Release|Any CPU.Build.0 = Release|Any CPU
		{A8042316-7998-4891-B207-37F01BDC4118}.Debug|Any CPU.ActiveCfg = Debug|Any CPU
		{A8042316-7998-4891-B207-37F01BDC4118}.Debug|Any CPU.Build.0 = Debug|Any CPU
		{A8042316-7998-4891-B207-37F01BDC4118}.Release|Any CPU.ActiveCfg = Release|Any CPU
		{A8042316-7998-4891-B207-37F01BDC4118}.Release|Any CPU.Build.0 = Release|Any CPU
		{4C43586A-B42E-4543-8A7B-D5FDD2A854BC}.Debug|Any CPU.ActiveCfg = Debug|Any CPU
		{4C43586A-B42E-4543-8A7B-D5FDD2A854BC}.Debug|Any CPU.Build.0 = Debug|Any CPU
		{4C43586A-B42E-4543-8A7B-D5FDD2A854BC}.Release|Any CPU.ActiveCfg = Release|Any CPU
		{4C43586A-B42E-4543-8A7B-D5FDD2A854BC}.Release|Any CPU.Build.0 = Release|Any CPU
		{0CC048F4-F8CF-4C90-B29E-FF56A6E87AEB}.Debug|Any CPU.ActiveCfg = Debug|Any CPU
		{0CC048F4-F8CF-4C90-B29E-FF56A6E87AEB}.Debug|Any CPU.Build.0 = Debug|Any CPU
		{0CC048F4-F8CF-4C90-B29E-FF56A6E87AEB}.Release|Any CPU.ActiveCfg = Release|Any CPU
		{0CC048F4-F8CF-4C90-B29E-FF56A6E87AEB}.Release|Any CPU.Build.0 = Release|Any CPU
		{05F13141-DE04-4EE4-A456-BA576F4EC2F3}.Debug|Any CPU.ActiveCfg = Debug|Any CPU
		{05F13141-DE04-4EE4-A456-BA576F4EC2F3}.Debug|Any CPU.Build.0 = Debug|Any CPU
		{05F13141-DE04-4EE4-A456-BA576F4EC2F3}.Release|Any CPU.ActiveCfg = Release|Any CPU
		{05F13141-DE04-4EE4-A456-BA576F4EC2F3}.Release|Any CPU.Build.0 = Release|Any CPU
	EndGlobalSection
	GlobalSection(SolutionProperties) = preSolution
		HideSolutionNode = FALSE
	EndGlobalSection
	GlobalSection(ExtensibilityGlobals) = postSolution
		SolutionGuid = {48CBFF7C-EA89-4652-B3AF-F9CB2BA907F3}
	EndGlobalSection
EndGlobal
